#MicroXplorer Configuration settings - do not modify
Dma.Request0=USART1_RX
Dma.Request1=SPI1_RX
Dma.Request2=SPI1_TX
Dma.RequestsNb=3
Dma.SPI1_RX.1.Direction=DMA_PERIPH_TO_MEMORY
Dma.SPI1_RX.1.EventEnable=DISABLE
Dma.SPI1_RX.1.Instance=DMA2_Channel1
Dma.SPI1_RX.1.MemDataAlignment=DMA_MDATAALIGN_BYTE
Dma.SPI1_RX.1.MemInc=DMA_MINC_ENABLE
Dma.SPI1_RX.1.Mode=DMA_NORMAL
Dma.SPI1_RX.1.PeriphDataAlignment=DMA_PDATAALIGN_BYTE
Dma.SPI1_RX.1.PeriphInc=DMA_PINC_DISABLE
Dma.SPI1_RX.1.Polarity=HAL_DMAMUX_REQ_GEN_RISING
Dma.SPI1_RX.1.Priority=DMA_PRIORITY_LOW
Dma.SPI1_RX.1.RequestNumber=1
Dma.SPI1_RX.1.RequestParameters=Instance,Direction,PeriphInc,MemInc,PeriphDataAlignment,MemDataAlignment,Mode,Priority,SignalID,Polarity,RequestNumber,SyncSignalID,SyncPolarity,SyncEnable,EventEnable,SyncRequestNumber
Dma.SPI1_RX.1.SignalID=NONE
Dma.SPI1_RX.1.SyncEnable=DISABLE
Dma.SPI1_RX.1.SyncPolarity=HAL_DMAMUX_SYNC_NO_EVENT
Dma.SPI1_RX.1.SyncRequestNumber=1
Dma.SPI1_RX.1.SyncSignalID=NONE
Dma.SPI1_TX.2.Direction=DMA_MEMORY_TO_PERIPH
Dma.SPI1_TX.2.EventEnable=DISABLE
Dma.SPI1_TX.2.Instance=DMA2_Channel2
Dma.SPI1_TX.2.MemDataAlignment=DMA_MDATAALIGN_BYTE
Dma.SPI1_TX.2.MemInc=DMA_MINC_ENABLE
Dma.SPI1_TX.2.Mode=DMA_NORMAL
Dma.SPI1_TX.2.PeriphDataAlignment=DMA_PDATAALIGN_BYTE
Dma.SPI1_TX.2.PeriphInc=DMA_PINC_DISABLE
Dma.SPI1_TX.2.Polarity=HAL_DMAMUX_REQ_GEN_RISING
Dma.SPI1_TX.2.Priority=DMA_PRIORITY_LOW
Dma.SPI1_TX.2.RequestNumber=1
Dma.SPI1_TX.2.RequestParameters=Instance,Direction,PeriphInc,MemInc,PeriphDataAlignment,MemDataAlignment,Mode,Priority,SignalID,Polarity,RequestNumber,SyncSignalID,SyncPolarity,SyncEnable,EventEnable,SyncRequestNumber
Dma.SPI1_TX.2.SignalID=NONE
Dma.SPI1_TX.2.SyncEnable=DISABLE
Dma.SPI1_TX.2.SyncPolarity=HAL_DMAMUX_SYNC_NO_EVENT
Dma.SPI1_TX.2.SyncRequestNumber=1
Dma.SPI1_TX.2.SyncSignalID=NONE
Dma.USART1_RX.0.Direction=DMA_PERIPH_TO_MEMORY
Dma.USART1_RX.0.EventEnable=DISABLE
Dma.USART1_RX.0.Instance=DMA2_Channel3
Dma.USART1_RX.0.MemDataAlignment=DMA_MDATAALIGN_BYTE
Dma.USART1_RX.0.MemInc=DMA_MINC_ENABLE
Dma.USART1_RX.0.Mode=DMA_CIRCULAR
Dma.USART1_RX.0.PeriphDataAlignment=DMA_PDATAALIGN_BYTE
Dma.USART1_RX.0.PeriphInc=DMA_PINC_DISABLE
Dma.USART1_RX.0.Polarity=HAL_DMAMUX_REQ_GEN_RISING
Dma.USART1_RX.0.Priority=DMA_PRIORITY_LOW
Dma.USART1_RX.0.RequestNumber=1
Dma.USART1_RX.0.RequestParameters=Instance,Direction,PeriphInc,MemInc,PeriphDataAlignment,MemDataAlignment,Mode,Priority,SignalID,Polarity,RequestNumber,SyncSignalID,SyncPolarity,SyncEnable,EventEnable,SyncRequestNumber
Dma.USART1_RX.0.SignalID=NONE
Dma.USART1_RX.0.SyncEnable=DISABLE
Dma.USART1_RX.0.SyncPolarity=HAL_DMAMUX_SYNC_NO_EVENT
Dma.USART1_RX.0.SyncRequestNumber=1
Dma.USART1_RX.0.SyncSignalID=NONE
File.Version=6
GPIO.groupedBy=Group By Peripherals
KeepUserPlacement=false
Mcu.Family=STM32WB
Mcu.IP0=DMA
Mcu.IP1=HSEM
Mcu.IP10=SYS
Mcu.IP11=TINY_LPM
Mcu.IP12=USART1
Mcu.IP13=USB
Mcu.IP14=USB_DEVICE
Mcu.IP2=IPCC
Mcu.IP3=NVIC
Mcu.IP4=RCC
Mcu.IP5=RF
Mcu.IP6=RTC
Mcu.IP7=SEQUENCER
Mcu.IP8=SPI1
Mcu.IP9=STM32_WPAN
Mcu.IPNb=15
Mcu.Name=STM32WB5MMGHx
Mcu.Package=LGA86
Mcu.Pin0=PA2
Mcu.Pin1=PB5
Mcu.Pin10=PA5
Mcu.Pin11=PH1
Mcu.Pin12=PD14
Mcu.Pin13=PD2
Mcu.Pin14=PC9
Mcu.Pin15=PD3
Mcu.Pin16=PD15
Mcu.Pin17=VP_HSEM_VS_HSEM
Mcu.Pin18=VP_IPCC_VS_IPCC
Mcu.Pin19=VP_RCC_V_OSC_IN
Mcu.Pin2=PB4
Mcu.Pin20=VP_RCC_V_OSC32_IN
Mcu.Pin21=VP_RF_VS_RF
Mcu.Pin22=VP_RTC_VS_RTC_Activate
Mcu.Pin23=VP_SEQUENCER_VS_SEQUENCER
Mcu.Pin24=VP_STM32_WPAN_VS_BLE_HOST
Mcu.Pin25=VP_SYS_VS_Systick
Mcu.Pin26=VP_TINY_LPM_VS_TINY_LPM
Mcu.Pin27=VP_USB_DEVICE_VS_USB_DEVICE_CDC_FS
Mcu.Pin3=PC12
Mcu.Pin4=PA15
Mcu.Pin5=PA10
Mcu.Pin6=PA12
Mcu.Pin7=PA11
Mcu.Pin8=PB6
Mcu.Pin9=PB12
Mcu.PinsNb=28
Mcu.ThirdPartyNb=0
Mcu.UserConstants=
Mcu.UserName=STM32WB5MMGHx
MxCube.Version=6.3.0
MxDb.Version=DB.6.0.30
NVIC.BusFault_IRQn=true\:0\:0\:false\:false\:true\:false\:false
NVIC.DMA2_Channel1_IRQn=true\:0\:0\:false\:false\:true\:false\:true
NVIC.DMA2_Channel2_IRQn=true\:0\:0\:false\:false\:true\:false\:true
NVIC.DMA2_Channel3_IRQn=true\:0\:0\:false\:false\:true\:false\:true
NVIC.DebugMonitor_IRQn=true\:0\:0\:false\:false\:true\:false\:false
NVIC.EXTI15_10_IRQn=true\:0\:0\:false\:false\:true\:true\:true
NVIC.EXTI2_IRQn=true\:0\:0\:false\:false\:true\:true\:true
NVIC.EXTI3_IRQn=true\:0\:0\:false\:false\:true\:true\:true
NVIC.EXTI9_5_IRQn=true\:0\:0\:false\:false\:true\:true\:true
NVIC.ForceEnableDMAVector=true
NVIC.HSEM_IRQn=true\:0\:0\:false\:false\:true\:false\:true
NVIC.HardFault_IRQn=true\:0\:0\:false\:false\:true\:false\:false
NVIC.MemoryManagement_IRQn=true\:0\:0\:false\:false\:true\:false\:false
NVIC.NonMaskableInt_IRQn=true\:0\:0\:false\:false\:true\:false\:false
NVIC.PendSV_IRQn=true\:0\:0\:false\:false\:true\:false\:false
NVIC.PriorityGroup=NVIC_PRIORITYGROUP_4
NVIC.SVCall_IRQn=true\:0\:0\:false\:false\:true\:false\:false
NVIC.SysTick_IRQn=true\:0\:0\:true\:false\:true\:false\:true
NVIC.USART1_IRQn=true\:0\:0\:false\:false\:true\:true\:true
NVIC.USB_LP_IRQn=true\:15\:0\:true\:false\:true\:false\:true
NVIC.UsageFault_IRQn=true\:0\:0\:false\:false\:true\:false\:false
PA10.GPIOParameters=GPIO_Label
PA10.GPIO_Label=GNSS_TXD
PA10.Locked=true
PA10.Mode=Asynchronous
PA10.Signal=USART1_RX
PA11.Mode=Device
PA11.Signal=USB_DM
PA12.Mode=Device
PA12.Signal=USB_DP
PA15.GPIOParameters=PinState,GPIO_Label,GPIO_ModeDefaultOutputPP
PA15.GPIO_Label=IMU_NCS
PA15.GPIO_ModeDefaultOutputPP=GPIO_MODE_OUTPUT_OD
PA15.Locked=true
PA15.PinState=GPIO_PIN_SET
PA15.Signal=GPIO_Output
PA2.GPIOParameters=GPIO_Label,GPIO_ModeDefaultEXTI
PA2.GPIO_Label=VBUS_DIV
PA2.GPIO_ModeDefaultEXTI=GPIO_MODE_IT_RISING_FALLING
PA2.Locked=true
PA2.Signal=GPXTI2
PA5.GPIOParameters=GPIO_Label
PA5.GPIO_Label=IMU_SCK
PA5.Locked=true
PA5.Mode=Full_Duplex_Master
PA5.Signal=SPI1_SCK
PB12.GPIOParameters=GPIO_Label
PB12.GPIO_Label=GNSS_EXTINT
PB12.Locked=true
PB12.Signal=GPIO_Output
PB4.GPIOParameters=GPIO_Label
PB4.GPIO_Label=IMU_MISO
PB4.Mode=Full_Duplex_Master
PB4.Signal=SPI1_MISO
PB5.GPIOParameters=GPIO_Label
PB5.GPIO_Label=IMU_MOSI
PB5.Mode=Full_Duplex_Master
PB5.Signal=SPI1_MOSI
PB6.GPIOParameters=GPIO_Label
PB6.GPIO_Label=GNSS_RXD
PB6.Mode=Asynchronous
PB6.Signal=USART1_TX
PC12.GPIOParameters=GPIO_Label,GPIO_ModeDefaultEXTI
PC12.GPIO_Label=BUTTON
PC12.GPIO_ModeDefaultEXTI=GPIO_MODE_IT_RISING_FALLING
PC12.Locked=true
PC12.Signal=GPXTI12
PC9.GPIOParameters=GPIO_PuPd,GPIO_Label
PC9.GPIO_Label=IMU_INT1
PC9.GPIO_PuPd=GPIO_PULLDOWN
PC9.Locked=true
PC9.Signal=GPXTI9
PCC.Ble.ConnectionInterval=1000.0
PCC.Ble.DataLength=6
PCC.Ble.IsUsed=false
PCC.Ble.Mode=NOT_SELECTED
PCC.Ble.PowerLevel=Min
PCC.Zigbee.IsUsed=false
PCC.Zigbee.Mode=Sleepy End Device
PCC.Zigbee.Payload=15
PCC.Zigbee.PoolPeriodicity=480.0
PCC.Zigbee.PowerLevel=Min
PCC.Zigbee.RequestPeriodicity=1500.0
PD14.GPIOParameters=GPIO_Label
PD14.GPIO_Label=LED_R
PD14.Locked=true
PD14.Signal=GPIO_Output
PD15.GPIOParameters=GPIO_Label
PD15.GPIO_Label=LED_G
PD15.Locked=true
PD15.Signal=GPIO_Output
PD2.GPIOParameters=PinState,GPIO_Label,GPIO_ModeDefaultOutputPP
PD2.GPIO_Label=GNSS_SAFEBOOT_N
PD2.GPIO_ModeDefaultOutputPP=GPIO_MODE_OUTPUT_OD
PD2.Locked=true
PD2.PinState=GPIO_PIN_RESET
PD2.Signal=GPIO_Output
PD3.GPIOParameters=GPIO_PuPd,GPIO_Label
PD3.GPIO_Label=GNSS_PPS
PD3.GPIO_PuPd=GPIO_NOPULL
PD3.Locked=true
PD3.Signal=GPXTI3
PH1.GPIOParameters=PinState,GPIO_Label
PH1.GPIO_Label=VCC_EN
PH1.Locked=true
PH1.PinState=GPIO_PIN_RESET
PH1.Signal=GPIO_Output
PinOutPanel.CurrentBGAView=Top
PinOutPanel.RotationAngle=0
ProjectManager.AskForMigrate=true
ProjectManager.BackupPrevious=false
ProjectManager.CompilerOptimize=6
ProjectManager.ComputerToolchain=false
ProjectManager.CoupleFile=false
ProjectManager.CustomerFirmwarePackage=
ProjectManager.DefaultFWLocation=true
ProjectManager.DeletePrevious=true
ProjectManager.DeviceId=STM32WB5MMGHx
ProjectManager.FirmwarePackage=STM32Cube FW_WB V1.12.1
ProjectManager.FreePins=false
ProjectManager.HalAssertFull=false
ProjectManager.HeapSize=0x200
ProjectManager.KeepUserCode=true
ProjectManager.LastFirmware=true
ProjectManager.LibraryCopy=1
ProjectManager.MainLocation=Core/Src
ProjectManager.NoMain=false
ProjectManager.PreviousToolchain=
ProjectManager.ProjectBuild=false
ProjectManager.ProjectFileName=FlySight_STM32_MMG_New.ioc
ProjectManager.ProjectName=FlySight_STM32_MMG_New
ProjectManager.RegisterCallBack=
ProjectManager.StackSize=0x400
ProjectManager.TargetToolchain=STM32CubeIDE
ProjectManager.ToolChainLocation=
ProjectManager.UnderRoot=true
ProjectManager.functionlistsort=1-SystemClock_Config-RCC-false-HAL-false,2-MX_IPCC_Init-IPCC-false-HAL-true,3-MX_RF_Init-RF-false-HAL-true,4-MX_GPIO_Init-GPIO-false-HAL-true,5-MX_USB_Device_Init-USB_DEVICE-true-HAL-false,6-MX_DMA_Init-DMA-false-HAL-true,7-MX_USART1_UART_Init-USART1-true-HAL-false,8-APPE_Init-STM32_WPAN-false-HAL-false,9-MX_RTC_Init-RTC-false-HAL-true,10-MX_SPI1_Init-SPI1-false-HAL-true,0-MX_HSEM_Init-HSEM-false-HAL-true
RCC.ADCFreq_Value=153600000
RCC.AHBFreq_Value=32000000
RCC.APB1Freq_Value=32000000
RCC.APB1TimFreq_Value=32000000
RCC.APB2Freq_Value=32000000
RCC.APB2TimFreq_Value=32000000
RCC.APB3Freq_Value=16000000
RCC.CK48CLockSelection=RCC_USBCLKSOURCE_HSI48
RCC.Cortex2Freq_Value=32000000
RCC.CortexFreq_Value=32000000
RCC.FCLK2Freq_Value=32000000
RCC.FCLKCortexFreq_Value=32000000
RCC.FamilyName=M
RCC.HCLK2Freq_Value=32000000
RCC.HCLK3Freq_Value=32000000
RCC.HCLKFreq_Value=32000000
RCC.HCLKRFFreq_Value=16000000
RCC.HSE_VALUE=32000000
RCC.HSI48_VALUE=48000000
RCC.HSI_VALUE=16000000
RCC.I2C1Freq_Value=32000000
RCC.I2C3Freq_Value=32000000
RCC.IPParameters=ADCFreq_Value,AHBFreq_Value,APB1Freq_Value,APB1TimFreq_Value,APB2Freq_Value,APB2TimFreq_Value,APB3Freq_Value,CK48CLockSelection,Cortex2Freq_Value,CortexFreq_Value,FCLK2Freq_Value,FCLKCortexFreq_Value,FamilyName,HCLK2Freq_Value,HCLK3Freq_Value,HCLKFreq_Value,HCLKRFFreq_Value,HSE_VALUE,HSI48_VALUE,HSI_VALUE,I2C1Freq_Value,I2C3Freq_Value,LCDFreq_Value,LPTIM1Freq_Value,LPTIM2Freq_Value,LPUART1Freq_Value,LSCOPinFreq_Value,LSI_VALUE,MCO1PinFreq_Value,PLLM,PLLPoutputFreq_Value,PLLQoutputFreq_Value,PLLRCLKFreq_Value,PLLSAI1N,PLLSAI1PoutputFreq_Value,PLLSAI1QoutputFreq_Value,PLLSAI1RoutputFreq_Value,PLLSourceVirtual,PWRFreq_Value,RFWKPClockSelection,RFWKPFreq_Value,RNGFreq_Value,RTCClockSelection,RTCFreq_Value,SAI1Freq_Value,SMPS1Freq_Value,SMPSFreq_Value,SYSCLKFreq_VALUE,SYSCLKSource,USART1Freq_Value,USBFreq_Value,VCOInputFreq_Value,VCOOutputFreq_Value,VCOSAI1OutputFreq_Value
RCC.LCDFreq_Value=32768
RCC.LPTIM1Freq_Value=32000000
RCC.LPTIM2Freq_Value=32000000
RCC.LPUART1Freq_Value=32000000
RCC.LSCOPinFreq_Value=32000
RCC.LSI_VALUE=32000
RCC.MCO1PinFreq_Value=32000000
RCC.PLLM=RCC_PLLM_DIV5
RCC.PLLPoutputFreq_Value=25600000
RCC.PLLQoutputFreq_Value=25600000
RCC.PLLRCLKFreq_Value=25600000
RCC.PLLSAI1N=48
RCC.PLLSAI1PoutputFreq_Value=153600000
RCC.PLLSAI1QoutputFreq_Value=153600000
RCC.PLLSAI1RoutputFreq_Value=153600000
RCC.PLLSourceVirtual=RCC_PLLSOURCE_HSE
RCC.PWRFreq_Value=32000000
RCC.RFWKPClockSelection=RCC_RFWKPCLKSOURCE_LSE
RCC.RFWKPFreq_Value=32768
RCC.RNGFreq_Value=32000
RCC.RTCClockSelection=RCC_RTCCLKSOURCE_LSE
RCC.RTCFreq_Value=32768
RCC.SAI1Freq_Value=153600000
RCC.SMPS1Freq_Value=8000000
RCC.SMPSFreq_Value=4000000
RCC.SYSCLKFreq_VALUE=32000000
RCC.SYSCLKSource=RCC_SYSCLKSOURCE_HSE
RCC.USART1Freq_Value=32000000
RCC.USBFreq_Value=48000000
RCC.VCOInputFreq_Value=6400000
RCC.VCOOutputFreq_Value=51200000
RCC.VCOSAI1OutputFreq_Value=307200000
SH.GPXTI12.0=GPIO_EXTI12
SH.GPXTI12.ConfNb=1
SH.GPXTI2.0=GPIO_EXTI2
SH.GPXTI2.ConfNb=1
SH.GPXTI3.0=GPIO_EXTI3
SH.GPXTI3.ConfNb=1
SH.GPXTI9.0=GPIO_EXTI9
SH.GPXTI9.ConfNb=1
SPI1.BaudRatePrescaler=SPI_BAUDRATEPRESCALER_4
SPI1.CLKPhase=SPI_PHASE_2EDGE
SPI1.CLKPolarity=SPI_POLARITY_HIGH
SPI1.CalculateBaudRate=8.0 MBits/s
SPI1.DataSize=SPI_DATASIZE_8BIT
SPI1.Direction=SPI_DIRECTION_2LINES
SPI1.IPParameters=VirtualType,Mode,Direction,CalculateBaudRate,DataSize,BaudRatePrescaler,CLKPolarity,CLKPhase
SPI1.Mode=SPI_MODE_MASTER
SPI1.VirtualType=VM_MASTER
USART1.BaudRate=9600
USART1.IPParameters=VirtualMode-Asynchronous,BaudRate
USART1.VirtualMode-Asynchronous=VM_ASYNC
USB_DEVICE.CLASS_NAME_FS=CDC
USB_DEVICE.IPParameters=VirtualMode,VirtualModeFS,CLASS_NAME_FS
USB_DEVICE.VirtualMode=Cdc
USB_DEVICE.VirtualModeFS=Cdc_FS
VP_HSEM_VS_HSEM.Mode=HSEM_Activate
VP_HSEM_VS_HSEM.Signal=HSEM_VS_HSEM
VP_IPCC_VS_IPCC.Mode=IPCC_Activate
VP_IPCC_VS_IPCC.Signal=IPCC_VS_IPCC
VP_RCC_V_OSC32_IN.Mode=LSE-External-Clock-Source
VP_RCC_V_OSC32_IN.Signal=RCC_V_OSC32_IN
VP_RCC_V_OSC_IN.Mode=HSE-External-Clock-Source
VP_RCC_V_OSC_IN.Signal=RCC_V_OSC_IN
VP_RF_VS_RF.Mode=RF_Activate
VP_RF_VS_RF.Signal=RF_VS_RF
VP_RTC_VS_RTC_Activate.Mode=RTC_Enabled
VP_RTC_VS_RTC_Activate.Signal=RTC_VS_RTC_Activate
VP_SEQUENCER_VS_SEQUENCER.Mode=SEQUENCER_Enabled
VP_SEQUENCER_VS_SEQUENCER.Signal=SEQUENCER_VS_SEQUENCER
VP_STM32_WPAN_VS_BLE_HOST.Mode=STM32_WPAN_Enabled
VP_STM32_WPAN_VS_BLE_HOST.Signal=STM32_WPAN_VS_BLE_HOST
VP_SYS_VS_Systick.Mode=SysTick
VP_SYS_VS_Systick.Signal=SYS_VS_Systick
VP_TINY_LPM_VS_TINY_LPM.Mode=TINY_LPM_Enabled
VP_TINY_LPM_VS_TINY_LPM.Signal=TINY_LPM_VS_TINY_LPM
VP_USB_DEVICE_VS_USB_DEVICE_CDC_FS.Mode=CDC_FS
VP_USB_DEVICE_VS_USB_DEVICE_CDC_FS.Signal=USB_DEVICE_VS_USB_DEVICE_CDC_FS
board=custom
isbadioc=false
