#MicroXplorer Configuration settings - do not modify
ADC1.Channel-0\#ChannelRegularConversion=ADC_CHANNEL_12
ADC1.CommonPathInternal=null|null|null|null
ADC1.IPParameters=Rank-0\#ChannelRegularConversion,Channel-0\#ChannelRegularConversion,SamplingTime-0\#ChannelRegularConversion,OffsetNumber-0\#ChannelRegularConversion,NbrOfConversionFlag,master,CommonPathInternal
ADC1.NbrOfConversionFlag=1
ADC1.OffsetNumber-0\#ChannelRegularConversion=ADC_OFFSET_NONE
ADC1.Rank-0\#ChannelRegularConversion=1
ADC1.SamplingTime-0\#ChannelRegularConversion=ADC_SAMPLETIME_640CYCLES_5
ADC1.master=1
CAD.formats=
CAD.pinconfig=
CAD.provider=
Dma.I2C3_RX.5.Direction=DMA_PERIPH_TO_MEMORY
Dma.I2C3_RX.5.EventEnable=DISABLE
Dma.I2C3_RX.5.Instance=DMA1_Channel5
Dma.I2C3_RX.5.MemDataAlignment=DMA_MDATAALIGN_BYTE
Dma.I2C3_RX.5.MemInc=DMA_MINC_ENABLE
Dma.I2C3_RX.5.Mode=DMA_NORMAL
Dma.I2C3_RX.5.PeriphDataAlignment=DMA_PDATAALIGN_BYTE
Dma.I2C3_RX.5.PeriphInc=DMA_PINC_DISABLE
Dma.I2C3_RX.5.Polarity=HAL_DMAMUX_REQ_GEN_RISING
Dma.I2C3_RX.5.Priority=DMA_PRIORITY_LOW
Dma.I2C3_RX.5.RequestNumber=1
Dma.I2C3_RX.5.RequestParameters=Instance,Direction,PeriphInc,MemInc,PeriphDataAlignment,MemDataAlignment,Mode,Priority,SignalID,Polarity,RequestNumber,SyncSignalID,SyncPolarity,SyncEnable,EventEnable,SyncRequestNumber
Dma.I2C3_RX.5.SignalID=NONE
Dma.I2C3_RX.5.SyncEnable=DISABLE
Dma.I2C3_RX.5.SyncPolarity=HAL_DMAMUX_SYNC_NO_EVENT
Dma.I2C3_RX.5.SyncRequestNumber=1
Dma.I2C3_RX.5.SyncSignalID=NONE
Dma.I2C3_TX.6.Direction=DMA_MEMORY_TO_PERIPH
Dma.I2C3_TX.6.EventEnable=DISABLE
Dma.I2C3_TX.6.Instance=DMA1_Channel6
Dma.I2C3_TX.6.MemDataAlignment=DMA_MDATAALIGN_BYTE
Dma.I2C3_TX.6.MemInc=DMA_MINC_ENABLE
Dma.I2C3_TX.6.Mode=DMA_NORMAL
Dma.I2C3_TX.6.PeriphDataAlignment=DMA_PDATAALIGN_BYTE
Dma.I2C3_TX.6.PeriphInc=DMA_PINC_DISABLE
Dma.I2C3_TX.6.Polarity=HAL_DMAMUX_REQ_GEN_RISING
Dma.I2C3_TX.6.Priority=DMA_PRIORITY_LOW
Dma.I2C3_TX.6.RequestNumber=1
Dma.I2C3_TX.6.RequestParameters=Instance,Direction,PeriphInc,MemInc,PeriphDataAlignment,MemDataAlignment,Mode,Priority,SignalID,Polarity,RequestNumber,SyncSignalID,SyncPolarity,SyncEnable,EventEnable,SyncRequestNumber
Dma.I2C3_TX.6.SignalID=NONE
Dma.I2C3_TX.6.SyncEnable=DISABLE
Dma.I2C3_TX.6.SyncPolarity=HAL_DMAMUX_SYNC_NO_EVENT
Dma.I2C3_TX.6.SyncRequestNumber=1
Dma.I2C3_TX.6.SyncSignalID=NONE
Dma.LPUART1_TX.8.Direction=DMA_MEMORY_TO_PERIPH
Dma.LPUART1_TX.8.EventEnable=DISABLE
Dma.LPUART1_TX.8.Instance=DMA1_Channel4
Dma.LPUART1_TX.8.MemDataAlignment=DMA_MDATAALIGN_BYTE
Dma.LPUART1_TX.8.MemInc=DMA_MINC_ENABLE
Dma.LPUART1_TX.8.Mode=DMA_NORMAL
Dma.LPUART1_TX.8.PeriphDataAlignment=DMA_PDATAALIGN_BYTE
Dma.LPUART1_TX.8.PeriphInc=DMA_PINC_DISABLE
Dma.LPUART1_TX.8.Polarity=HAL_DMAMUX_REQ_GEN_RISING
Dma.LPUART1_TX.8.Priority=DMA_PRIORITY_LOW
Dma.LPUART1_TX.8.RequestNumber=1
Dma.LPUART1_TX.8.RequestParameters=Instance,Direction,PeriphInc,MemInc,PeriphDataAlignment,MemDataAlignment,Mode,Priority,SignalID,Polarity,RequestNumber,SyncSignalID,SyncPolarity,SyncEnable,EventEnable,SyncRequestNumber
Dma.LPUART1_TX.8.SignalID=NONE
Dma.LPUART1_TX.8.SyncEnable=DISABLE
Dma.LPUART1_TX.8.SyncPolarity=HAL_DMAMUX_SYNC_NO_EVENT
Dma.LPUART1_TX.8.SyncRequestNumber=1
Dma.LPUART1_TX.8.SyncSignalID=NONE
Dma.Request0=USART1_RX
Dma.Request1=SPI1_RX
Dma.Request2=SPI1_TX
Dma.Request3=SPI2_RX
Dma.Request4=SPI2_TX
Dma.Request5=I2C3_RX
Dma.Request6=I2C3_TX
Dma.Request7=SAI1_A
Dma.Request8=LPUART1_TX
Dma.RequestsNb=9
Dma.SAI1_A.7.Direction=DMA_MEMORY_TO_PERIPH
Dma.SAI1_A.7.EventEnable=DISABLE
Dma.SAI1_A.7.Instance=DMA1_Channel3
Dma.SAI1_A.7.MemDataAlignment=DMA_MDATAALIGN_HALFWORD
Dma.SAI1_A.7.MemInc=DMA_MINC_ENABLE
Dma.SAI1_A.7.Mode=DMA_NORMAL
Dma.SAI1_A.7.PeriphDataAlignment=DMA_PDATAALIGN_HALFWORD
Dma.SAI1_A.7.PeriphInc=DMA_PINC_DISABLE
Dma.SAI1_A.7.Polarity=HAL_DMAMUX_REQ_GEN_RISING
Dma.SAI1_A.7.Priority=DMA_PRIORITY_LOW
Dma.SAI1_A.7.RequestNumber=1
Dma.SAI1_A.7.RequestParameters=Instance,Direction,PeriphInc,MemInc,PeriphDataAlignment,MemDataAlignment,Mode,Priority,SignalID,Polarity,RequestNumber,SyncSignalID,SyncPolarity,SyncEnable,EventEnable,SyncRequestNumber
Dma.SAI1_A.7.SignalID=NONE
Dma.SAI1_A.7.SyncEnable=DISABLE
Dma.SAI1_A.7.SyncPolarity=HAL_DMAMUX_SYNC_NO_EVENT
Dma.SAI1_A.7.SyncRequestNumber=1
Dma.SAI1_A.7.SyncSignalID=NONE
Dma.SPI1_RX.1.Direction=DMA_PERIPH_TO_MEMORY
Dma.SPI1_RX.1.EventEnable=DISABLE
Dma.SPI1_RX.1.Instance=DMA2_Channel1
Dma.SPI1_RX.1.MemDataAlignment=DMA_MDATAALIGN_BYTE
Dma.SPI1_RX.1.MemInc=DMA_MINC_ENABLE
Dma.SPI1_RX.1.Mode=DMA_NORMAL
Dma.SPI1_RX.1.PeriphDataAlignment=DMA_PDATAALIGN_BYTE
Dma.SPI1_RX.1.PeriphInc=DMA_PINC_DISABLE
Dma.SPI1_RX.1.Polarity=HAL_DMAMUX_REQ_GEN_RISING
Dma.SPI1_RX.1.Priority=DMA_PRIORITY_LOW
Dma.SPI1_RX.1.RequestNumber=1
Dma.SPI1_RX.1.RequestParameters=Instance,Direction,PeriphInc,MemInc,PeriphDataAlignment,MemDataAlignment,Mode,Priority,SignalID,Polarity,RequestNumber,SyncSignalID,SyncPolarity,SyncEnable,EventEnable,SyncRequestNumber
Dma.SPI1_RX.1.SignalID=NONE
Dma.SPI1_RX.1.SyncEnable=DISABLE
Dma.SPI1_RX.1.SyncPolarity=HAL_DMAMUX_SYNC_NO_EVENT
Dma.SPI1_RX.1.SyncRequestNumber=1
Dma.SPI1_RX.1.SyncSignalID=NONE
Dma.SPI1_TX.2.Direction=DMA_MEMORY_TO_PERIPH
Dma.SPI1_TX.2.EventEnable=DISABLE
Dma.SPI1_TX.2.Instance=DMA2_Channel2
Dma.SPI1_TX.2.MemDataAlignment=DMA_MDATAALIGN_BYTE
Dma.SPI1_TX.2.MemInc=DMA_MINC_ENABLE
Dma.SPI1_TX.2.Mode=DMA_NORMAL
Dma.SPI1_TX.2.PeriphDataAlignment=DMA_PDATAALIGN_BYTE
Dma.SPI1_TX.2.PeriphInc=DMA_PINC_DISABLE
Dma.SPI1_TX.2.Polarity=HAL_DMAMUX_REQ_GEN_RISING
Dma.SPI1_TX.2.Priority=DMA_PRIORITY_LOW
Dma.SPI1_TX.2.RequestNumber=1
Dma.SPI1_TX.2.RequestParameters=Instance,Direction,PeriphInc,MemInc,PeriphDataAlignment,MemDataAlignment,Mode,Priority,SignalID,Polarity,RequestNumber,SyncSignalID,SyncPolarity,SyncEnable,EventEnable,SyncRequestNumber
Dma.SPI1_TX.2.SignalID=NONE
Dma.SPI1_TX.2.SyncEnable=DISABLE
Dma.SPI1_TX.2.SyncPolarity=HAL_DMAMUX_SYNC_NO_EVENT
Dma.SPI1_TX.2.SyncRequestNumber=1
Dma.SPI1_TX.2.SyncSignalID=NONE
Dma.SPI2_RX.3.Direction=DMA_PERIPH_TO_MEMORY
Dma.SPI2_RX.3.EventEnable=DISABLE
Dma.SPI2_RX.3.Instance=DMA1_Channel1
Dma.SPI2_RX.3.MemDataAlignment=DMA_MDATAALIGN_BYTE
Dma.SPI2_RX.3.MemInc=DMA_MINC_ENABLE
Dma.SPI2_RX.3.Mode=DMA_NORMAL
Dma.SPI2_RX.3.PeriphDataAlignment=DMA_PDATAALIGN_BYTE
Dma.SPI2_RX.3.PeriphInc=DMA_PINC_DISABLE
Dma.SPI2_RX.3.Polarity=HAL_DMAMUX_REQ_GEN_RISING
Dma.SPI2_RX.3.Priority=DMA_PRIORITY_LOW
Dma.SPI2_RX.3.RequestNumber=1
Dma.SPI2_RX.3.RequestParameters=Instance,Direction,PeriphInc,MemInc,PeriphDataAlignment,MemDataAlignment,Mode,Priority,SignalID,Polarity,RequestNumber,SyncSignalID,SyncPolarity,SyncEnable,EventEnable,SyncRequestNumber
Dma.SPI2_RX.3.SignalID=NONE
Dma.SPI2_RX.3.SyncEnable=DISABLE
Dma.SPI2_RX.3.SyncPolarity=HAL_DMAMUX_SYNC_NO_EVENT
Dma.SPI2_RX.3.SyncRequestNumber=1
Dma.SPI2_RX.3.SyncSignalID=NONE
Dma.SPI2_TX.4.Direction=DMA_MEMORY_TO_PERIPH
Dma.SPI2_TX.4.EventEnable=DISABLE
Dma.SPI2_TX.4.Instance=DMA1_Channel2
Dma.SPI2_TX.4.MemDataAlignment=DMA_MDATAALIGN_BYTE
Dma.SPI2_TX.4.MemInc=DMA_MINC_ENABLE
Dma.SPI2_TX.4.Mode=DMA_NORMAL
Dma.SPI2_TX.4.PeriphDataAlignment=DMA_PDATAALIGN_BYTE
Dma.SPI2_TX.4.PeriphInc=DMA_PINC_DISABLE
Dma.SPI2_TX.4.Polarity=HAL_DMAMUX_REQ_GEN_RISING
Dma.SPI2_TX.4.Priority=DMA_PRIORITY_LOW
Dma.SPI2_TX.4.RequestNumber=1
Dma.SPI2_TX.4.RequestParameters=Instance,Direction,PeriphInc,MemInc,PeriphDataAlignment,MemDataAlignment,Mode,Priority,SignalID,Polarity,RequestNumber,SyncSignalID,SyncPolarity,SyncEnable,EventEnable,SyncRequestNumber
Dma.SPI2_TX.4.SignalID=NONE
Dma.SPI2_TX.4.SyncEnable=DISABLE
Dma.SPI2_TX.4.SyncPolarity=HAL_DMAMUX_SYNC_NO_EVENT
Dma.SPI2_TX.4.SyncRequestNumber=1
Dma.SPI2_TX.4.SyncSignalID=NONE
Dma.USART1_RX.0.Direction=DMA_PERIPH_TO_MEMORY
Dma.USART1_RX.0.EventEnable=DISABLE
Dma.USART1_RX.0.Instance=DMA2_Channel3
Dma.USART1_RX.0.MemDataAlignment=DMA_MDATAALIGN_BYTE
Dma.USART1_RX.0.MemInc=DMA_MINC_ENABLE
Dma.USART1_RX.0.Mode=DMA_CIRCULAR
Dma.USART1_RX.0.PeriphDataAlignment=DMA_PDATAALIGN_BYTE
Dma.USART1_RX.0.PeriphInc=DMA_PINC_DISABLE
Dma.USART1_RX.0.Polarity=HAL_DMAMUX_REQ_GEN_RISING
Dma.USART1_RX.0.Priority=DMA_PRIORITY_LOW
Dma.USART1_RX.0.RequestNumber=1
Dma.USART1_RX.0.RequestParameters=Instance,Direction,PeriphInc,MemInc,PeriphDataAlignment,MemDataAlignment,Mode,Priority,SignalID,Polarity,RequestNumber,SyncSignalID,SyncPolarity,SyncEnable,EventEnable,SyncRequestNumber
Dma.USART1_RX.0.SignalID=NONE
Dma.USART1_RX.0.SyncEnable=DISABLE
Dma.USART1_RX.0.SyncPolarity=HAL_DMAMUX_SYNC_NO_EVENT
Dma.USART1_RX.0.SyncRequestNumber=1
Dma.USART1_RX.0.SyncSignalID=NONE
FATFS.IPParameters=_FS_LOCK,_USE_CHMOD,_FS_RPATH
FATFS._FS_LOCK=10
FATFS._FS_RPATH=2
FATFS._USE_CHMOD=1
File.Version=6
GPIO.groupedBy=Group By Peripherals
I2C1.IPParameters=Timing
I2C1.Timing=0x00707CBB
I2C3.IPParameters=Timing
I2C3.Timing=0x00707CBB
KeepUserPlacement=false
LPUART1.BaudRate=115200
LPUART1.IPParameters=BaudRate
MMTAppRegionsCount=0
MMTConfigApplied=false
Mcu.CPN=STM32WB5MMGH6TR
Mcu.Family=STM32WB
Mcu.IP0=ADC1
Mcu.IP1=DMA
Mcu.IP10=NVIC
Mcu.IP11=RCC
Mcu.IP12=RF
Mcu.IP13=RNG
Mcu.IP14=RTC
Mcu.IP15=SAI1
Mcu.IP16=SEQUENCER
Mcu.IP17=SPI1
Mcu.IP18=SPI2
Mcu.IP19=STM32_WPAN
Mcu.IP2=FATFS
Mcu.IP20=SYS
Mcu.IP21=TIM1
Mcu.IP22=TINY_LPM
Mcu.IP23=USART1
Mcu.IP24=USB
Mcu.IP25=USB_DEVICE
Mcu.IP3=HSEM
Mcu.IP4=I2C1
Mcu.IP5=I2C3
Mcu.IP6=IPCC
Mcu.IP7=IWDG
Mcu.IP8=LPUART1
Mcu.IP9=MEMORYMAP
Mcu.IPNb=26
Mcu.Name=STM32WB5MMGHx
Mcu.Package=LGA86
Mcu.Pin0=PA2
Mcu.Pin1=PC3
Mcu.Pin10=PC10
Mcu.Pin11=PC11
Mcu.Pin12=PC12
Mcu.Pin13=PA15
Mcu.Pin14=PA10
Mcu.Pin15=PA12
Mcu.Pin16=PA11
Mcu.Pin17=PD0
Mcu.Pin18=PD1
Mcu.Pin19=PB13
Mcu.Pin2=PC2
Mcu.Pin20=PC6
Mcu.Pin21=PB14
Mcu.Pin22=PB15
Mcu.Pin23=PB6
Mcu.Pin24=PC13
Mcu.Pin25=PB12
Mcu.Pin26=PE4
Mcu.Pin27=PB11
Mcu.Pin28=PB10
Mcu.Pin29=PA7
Mcu.Pin3=PC1
Mcu.Pin30=PA5
Mcu.Pin31=PA3
Mcu.Pin32=PH1
Mcu.Pin33=PD14
Mcu.Pin34=PD13
Mcu.Pin35=PD12
Mcu.Pin36=PD7
Mcu.Pin37=PD2
Mcu.Pin38=PC9
Mcu.Pin39=PD3
Mcu.Pin4=PB9
Mcu.Pin40=PD15
Mcu.Pin41=VP_FATFS_VS_Generic
Mcu.Pin42=VP_HSEM_VS_HSEM
Mcu.Pin43=VP_IPCC_VS_IPCC
Mcu.Pin44=VP_IWDG_VS_IWDG
Mcu.Pin45=VP_RCC_V_OSC_IN
Mcu.Pin46=VP_RCC_V_OSC32_IN
Mcu.Pin47=VP_RF_VS_RF
Mcu.Pin48=VP_RNG_VS_RNG
Mcu.Pin49=VP_RTC_VS_RTC_Activate
Mcu.Pin5=PC0
Mcu.Pin50=VP_SAI1_VP_$IpInstance_SAIA_SAI_BASIC
Mcu.Pin51=VP_SEQUENCER_VS_SEQUENCER
Mcu.Pin52=VP_STM32_WPAN_VS_BLE_HOST
Mcu.Pin53=VP_SYS_VS_Systick
Mcu.Pin54=VP_TINY_LPM_VS_TINY_LPM
Mcu.Pin55=VP_USB_DEVICE_VS_USB_DEVICE_MSC_FS
Mcu.Pin56=VP_MEMORYMAP_VS_MEMORYMAP
Mcu.Pin6=PB8
Mcu.Pin7=PB7
Mcu.Pin8=PB5
Mcu.Pin9=PB4
Mcu.PinsNb=57
Mcu.ThirdPartyNb=0
Mcu.UserConstants=
Mcu.UserName=STM32WB5MMGHx
MxCube.Version=6.11.1
MxDb.Version=DB.6.0.111
NVIC.ADC1_IRQn=true\:2\:0\:true\:false\:true\:true\:true\:true
NVIC.BusFault_IRQn=true\:0\:0\:false\:false\:true\:false\:false\:false
NVIC.DMA1_Channel1_IRQn=true\:2\:0\:true\:false\:true\:false\:true\:true
NVIC.DMA1_Channel2_IRQn=true\:2\:0\:true\:false\:true\:false\:true\:true
NVIC.DMA1_Channel3_IRQn=true\:2\:0\:true\:false\:true\:false\:true\:true
NVIC.DMA1_Channel4_IRQn=true\:2\:0\:true\:false\:true\:false\:true\:true
NVIC.DMA1_Channel5_IRQn=true\:2\:0\:true\:false\:true\:false\:true\:true
NVIC.DMA1_Channel6_IRQn=true\:2\:0\:true\:false\:true\:false\:true\:true
NVIC.DMA2_Channel1_IRQn=true\:2\:0\:true\:false\:true\:false\:true\:true
NVIC.DMA2_Channel2_IRQn=true\:2\:0\:true\:false\:true\:false\:true\:true
NVIC.DMA2_Channel3_IRQn=true\:2\:0\:true\:false\:true\:false\:true\:true
NVIC.DebugMonitor_IRQn=true\:0\:0\:false\:false\:true\:false\:false\:false
NVIC.EXTI15_10_IRQn=true\:1\:0\:true\:false\:true\:true\:true\:true
NVIC.EXTI2_IRQn=true\:1\:0\:true\:false\:true\:true\:true\:true
NVIC.EXTI3_IRQn=true\:1\:0\:true\:false\:true\:true\:true\:true
NVIC.EXTI4_IRQn=true\:1\:0\:true\:false\:true\:true\:true\:true
NVIC.EXTI9_5_IRQn=true\:1\:0\:true\:false\:true\:true\:true\:true
NVIC.ForceEnableDMAVector=true
NVIC.HSEM_IRQn=true\:2\:0\:true\:false\:true\:false\:true\:true
NVIC.HardFault_IRQn=true\:0\:0\:false\:false\:true\:false\:false\:false
NVIC.I2C3_ER_IRQn=true\:2\:0\:true\:false\:true\:true\:true\:true
NVIC.I2C3_EV_IRQn=true\:2\:0\:true\:false\:true\:true\:true\:true
NVIC.LPUART1_IRQn=true\:2\:0\:true\:false\:true\:true\:true\:true
NVIC.MemoryManagement_IRQn=true\:0\:0\:false\:false\:true\:false\:false\:false
NVIC.NonMaskableInt_IRQn=true\:0\:0\:false\:false\:true\:false\:false\:false
NVIC.PendSV_IRQn=true\:0\:0\:false\:false\:true\:false\:false\:false
NVIC.PriorityGroup=NVIC_PRIORITYGROUP_4
NVIC.SVCall_IRQn=true\:0\:0\:false\:false\:true\:false\:false\:false
NVIC.SysTick_IRQn=true\:0\:0\:true\:false\:true\:false\:true\:false
NVIC.USART1_IRQn=true\:2\:0\:true\:false\:true\:true\:true\:true
NVIC.USB_LP_IRQn=true\:15\:0\:true\:false\:true\:true\:true\:true
NVIC.UsageFault_IRQn=true\:0\:0\:false\:false\:true\:false\:false\:false
PA10.GPIOParameters=GPIO_Label
PA10.GPIO_Label=GNSS_TXD
PA10.Locked=true
PA10.Mode=Asynchronous
PA10.Signal=USART1_RX
PA11.Locked=true
PA11.Mode=Device
PA11.Signal=USB_DM
PA12.Locked=true
PA12.Mode=Device
PA12.Signal=USB_DP
PA15.GPIOParameters=PinState,GPIO_Label,GPIO_ModeDefaultOutputPP
PA15.GPIO_Label=IMU_NCS
PA15.GPIO_ModeDefaultOutputPP=GPIO_MODE_OUTPUT_OD
PA15.Locked=true
PA15.PinState=GPIO_PIN_SET
PA15.Signal=GPIO_Output
PA2.GPIOParameters=GPIO_Label,GPIO_ModeDefaultEXTI
PA2.GPIO_Label=VBUS_DIV
PA2.GPIO_ModeDefaultEXTI=GPIO_MODE_IT_RISING_FALLING
PA2.Locked=true
PA2.Signal=GPXTI2
PA3.GPIOParameters=GPIO_Label
PA3.GPIO_Label=AUDIO_MCLK
PA3.Locked=true
PA3.Mode=SAI_A_MasterWithClock
PA3.Signal=SAI1_MCLK_A
PA5.GPIOParameters=GPIO_Label
PA5.GPIO_Label=IMU_SCK
PA5.Locked=true
PA5.Mode=Full_Duplex_Master
PA5.Signal=SPI1_SCK
PA7.GPIOParameters=GPIO_Label
PA7.GPIO_Label=VBAT_DIV
PA7.Locked=true
PA7.Signal=ADCx_IN12
PB10.GPIOParameters=GPIO_Label
PB10.GPIO_Label=DEBUG_RX
PB10.Locked=true
PB10.Mode=Asynchronous
PB10.Signal=LPUART1_RX
PB11.GPIOParameters=GPIO_Label
PB11.GPIO_Label=DEBUG_TX
PB11.Locked=true
PB11.Mode=Asynchronous
PB11.Signal=LPUART1_TX
PB12.GPIOParameters=GPIO_Label
PB12.GPIO_Label=GNSS_EXTINT
PB12.Locked=true
PB12.Signal=GPIO_Output
PB13.GPIOParameters=GPIO_Label
PB13.GPIO_Label=AUDIO_BCLK
PB13.Locked=true
PB13.Mode=SAI_A_MasterWithClock
PB13.Signal=SAI1_SCK_A
PB14.GPIOParameters=GPIO_Label
PB14.GPIO_Label=MMC_DO
PB14.Locked=true
PB14.Mode=Full_Duplex_Master
PB14.Signal=SPI2_MISO
PB15.GPIOParameters=GPIO_Label
PB15.GPIO_Label=MMC_DI
PB15.Locked=true
PB15.Mode=Full_Duplex_Master
PB15.Signal=SPI2_MOSI
PB4.GPIOParameters=GPIO_Label
PB4.GPIO_Label=IMU_MISO
PB4.Locked=true
PB4.Mode=Full_Duplex_Master
PB4.Signal=SPI1_MISO
PB5.GPIOParameters=GPIO_Label
PB5.GPIO_Label=IMU_MOSI
PB5.Locked=true
PB5.Mode=Full_Duplex_Master
PB5.Signal=SPI1_MOSI
PB6.GPIOParameters=GPIO_Label
PB6.GPIO_Label=GNSS_RXD
PB6.Locked=true
PB6.Mode=Asynchronous
PB6.Signal=USART1_TX
PB7.GPIOParameters=GPIO_Label
PB7.GPIO_Label=AUDIO_SDA
PB7.Locked=true
PB7.Mode=I2C
PB7.Signal=I2C1_SDA
PB8.GPIOParameters=GPIO_Label
PB8.GPIO_Label=AUDIO_SCL
PB8.Locked=true
PB8.Mode=I2C
PB8.Signal=I2C1_SCL
PB9.GPIOParameters=GPIO_Label
PB9.GPIO_Label=AUDIO_LRCLK
PB9.Locked=true
PB9.Mode=SAI_A_MasterWithClock
PB9.Signal=SAI1_FS_A
PC0.GPIOParameters=GPIO_Label
PC0.GPIO_Label=SENSOR_SCL
PC0.Locked=true
PC0.Mode=I2C
PC0.Signal=I2C3_SCL
PC1.GPIOParameters=GPIO_Label
PC1.GPIO_Label=SENSOR_SDA
PC1.Locked=true
PC1.Mode=I2C
PC1.Signal=I2C3_SDA
PC10.GPIOParameters=PinState,GPIO_Label,GPIO_ModeDefaultOutputPP
PC10.GPIO_Label=CHG_EN_HI
PC10.GPIO_ModeDefaultOutputPP=GPIO_MODE_OUTPUT_OD
PC10.Locked=true
PC10.PinState=GPIO_PIN_SET
PC10.Signal=GPIO_Output
PC11.GPIOParameters=PinState,GPIO_Label,GPIO_ModeDefaultOutputPP
PC11.GPIO_Label=CHG_EN_LO
PC11.GPIO_ModeDefaultOutputPP=GPIO_MODE_OUTPUT_OD
PC11.Locked=true
PC11.PinState=GPIO_PIN_SET
PC11.Signal=GPIO_Output
PC12.GPIOParameters=GPIO_Label,GPIO_ModeDefaultEXTI
PC12.GPIO_Label=BUTTON
PC12.GPIO_ModeDefaultEXTI=GPIO_MODE_IT_RISING_FALLING
PC12.Locked=true
PC12.Signal=GPXTI12
PC13.GPIOParameters=GPIO_Label
PC13.GPIO_Label=BARO_INT
PC13.Locked=true
PC13.Signal=GPXTI13
PC2.GPIOParameters=GPIO_Label
PC2.GPIO_Label=MIC_OUT
PC2.Locked=true
PC2.Signal=ADCx_IN3
PC3.GPIOParameters=GPIO_Label
PC3.GPIO_Label=AUDIO_SDIN
PC3.Locked=true
PC3.Mode=SAI_A_MasterWithClock
PC3.Signal=SAI1_SD_A
PC6.GPIOParameters=GPIO_PuPd,GPIO_Label
PC6.GPIO_Label=MAG_INT
PC6.GPIO_PuPd=GPIO_PULLDOWN
PC6.Locked=true
PC6.Signal=GPXTI6
PC9.GPIOParameters=GPIO_PuPd,GPIO_Label
PC9.GPIO_Label=IMU_INT1
PC9.GPIO_PuPd=GPIO_PULLDOWN
PC9.Locked=true
PC9.Signal=GPXTI9
PCC.Ble.ConnectionInterval=1000.0
PCC.Ble.DataLength=6
PCC.Ble.IsUsed=false
PCC.Ble.Mode=NOT_SELECTED
PCC.Ble.PowerLevel=Min
PCC.Zigbee.IsUsed=false
PCC.Zigbee.Mode=Sleepy End Device
PCC.Zigbee.Payload=15
PCC.Zigbee.PoolPeriodicity=480.0
PCC.Zigbee.PowerLevel=Min
PCC.Zigbee.RequestPeriodicity=1500.0
PD0.GPIOParameters=GPIO_Label
PD0.GPIO_Label=MMC_NCS
PD0.Locked=true
PD0.Signal=GPIO_Analog
PD1.GPIOParameters=GPIO_Label
PD1.GPIO_Label=MMC_CLK
PD1.Locked=true
PD1.Mode=Full_Duplex_Master
PD1.Signal=SPI2_SCK
PD12.GPIOParameters=GPIO_Label
PD12.GPIO_Label=VBAT_EN
PD12.Locked=true
PD12.Signal=GPIO_Output
PD13.GPIOParameters=GPIO_Label
PD13.GPIO_Label=MIC_EN
PD13.Locked=true
PD13.Signal=GPIO_Output
PD14.GPIOParameters=GPIO_Label
PD14.GPIO_Label=LED_R
PD14.Locked=true
PD14.Signal=S_TIM1_CH1
PD15.GPIOParameters=GPIO_Label
PD15.GPIO_Label=LED_G
PD15.Locked=true
PD15.Signal=S_TIM1_CH2
PD2.GPIOParameters=GPIO_Label,GPIO_ModeDefaultOutputPP
PD2.GPIO_Label=GNSS_SAFEBOOT_N
PD2.GPIO_ModeDefaultOutputPP=GPIO_MODE_OUTPUT_OD
PD2.Locked=true
PD2.Signal=GPIO_Output
PD3.GPIOParameters=GPIO_Label
PD3.GPIO_Label=GNSS_PPS
PD3.Locked=true
PD3.Signal=GPXTI3
PD7.GPIOParameters=GPIO_PuPd,GPIO_Label,GPIO_ModeDefaultEXTI
PD7.GPIO_Label=CHG_STAT
PD7.GPIO_ModeDefaultEXTI=GPIO_MODE_IT_RISING_FALLING
PD7.GPIO_PuPd=GPIO_PULLUP
PD7.Locked=true
PD7.Signal=GPXTI7
PE4.GPIOParameters=GPIO_PuPd,GPIO_Label
PE4.GPIO_Label=HUM_DRDY
PE4.GPIO_PuPd=GPIO_PULLDOWN
PE4.Locked=true
PE4.Signal=GPXTI4
PH1.GPIOParameters=GPIO_Label
PH1.GPIO_Label=VCC_EN
PH1.Locked=true
PH1.Signal=GPIO_Output
PinOutPanel.CurrentBGAView=Top
PinOutPanel.RotationAngle=0
ProjectManager.AskForMigrate=true
ProjectManager.BackupPrevious=false
ProjectManager.CompilerOptimize=6
ProjectManager.ComputerToolchain=false
ProjectManager.CoupleFile=false
ProjectManager.CustomerFirmwarePackage=
ProjectManager.DefaultFWLocation=true
ProjectManager.DeletePrevious=true
ProjectManager.DeviceId=STM32WB5MMGHx
ProjectManager.FirmwarePackage=STM32Cube FW_WB V1.19.0
ProjectManager.FreePins=false
ProjectManager.HalAssertFull=false
ProjectManager.HeapSize=0x200
ProjectManager.KeepUserCode=true
ProjectManager.LastFirmware=true
ProjectManager.LibraryCopy=1
ProjectManager.MainLocation=Core/Src
ProjectManager.NoMain=false
ProjectManager.PreviousToolchain=
ProjectManager.ProjectBuild=false
ProjectManager.ProjectFileName=flysight-2-firmware.ioc
ProjectManager.ProjectName=flysight-2-firmware
ProjectManager.ProjectStructure=
ProjectManager.RegisterCallBack=
ProjectManager.StackSize=0x400
ProjectManager.TargetToolchain=STM32CubeIDE
ProjectManager.ToolChainLocation=
ProjectManager.UAScriptAfterPath=
ProjectManager.UAScriptBeforePath=
ProjectManager.UnderRoot=true
ProjectManager.functionlistsort=1-SystemClock_Config-RCC-false-HAL-false,2-MX_GPIO_Init-GPIO-false-HAL-true,3-MX_DMA_Init-DMA-false-HAL-true,4-MX_IPCC_Init-IPCC-false-HAL-true,5-MX_RTC_Init-RTC-false-HAL-true,6-APPE_Init-STM32_WPAN-false-HAL-false,7-MX_ADC1_Init-ADC1-true-HAL-false,8-MX_I2C1_Init-I2C1-true-HAL-false,9-MX_SAI1_Init-SAI1-true-HAL-false,10-MX_I2C3_Init-I2C3-false-HAL-true,11-MX_SPI1_Init-SPI1-false-HAL-true,12-MX_SPI2_Init-SPI2-true-HAL-false,13-MX_FATFS_Init-FATFS-true-HAL-false,14-MX_USB_Device_Init-USB_DEVICE-true-HAL-false,15-MX_USART1_UART_Init-USART1-true-HAL-false,16-MX_RNG_Init-RNG-true-HAL-false,false-17-MX_IWDG_Init-IWDG-false-HAL-true,18-MX_LPUART1_UART_Init-LPUART1-true-HAL-false,19-MX_TIM1_Init-TIM1-false-HAL-true,0-MX_HSEM_Init-HSEM-false-HAL-true,0-MX_RF_Init-RF-false-HAL-true
RCC.ADCCLockSelection=RCC_ADCCLKSOURCE_SYSCLK
RCC.ADCFreq_Value=32000000
RCC.AHBFreq_Value=32000000
RCC.APB1Freq_Value=32000000
RCC.APB1TimFreq_Value=32000000
RCC.APB2Freq_Value=32000000
RCC.APB2TimFreq_Value=32000000
RCC.APB3Freq_Value=16000000
RCC.CK48CLockSelection=RCC_USBCLKSOURCE_HSI48
RCC.Cortex2Freq_Value=32000000
RCC.CortexFreq_Value=32000000
RCC.FCLK2Freq_Value=32000000
RCC.FCLKCortexFreq_Value=32000000
RCC.FamilyName=M
RCC.HCLK2Freq_Value=32000000
RCC.HCLK3Freq_Value=32000000
RCC.HCLKFreq_Value=32000000
RCC.HCLKRFFreq_Value=16000000
RCC.HSE_VALUE=32000000
RCC.HSI48_VALUE=48000000
RCC.HSI_VALUE=16000000
RCC.I2C1Freq_Value=32000000
RCC.I2C3Freq_Value=32000000
RCC.IPParameters=ADCCLockSelection,ADCFreq_Value,AHBFreq_Value,APB1Freq_Value,APB1TimFreq_Value,APB2Freq_Value,APB2TimFreq_Value,APB3Freq_Value,CK48CLockSelection,Cortex2Freq_Value,CortexFreq_Value,FCLK2Freq_Value,FCLKCortexFreq_Value,FamilyName,HCLK2Freq_Value,HCLK3Freq_Value,HCLKFreq_Value,HCLKRFFreq_Value,HSE_VALUE,HSI48_VALUE,HSI_VALUE,I2C1Freq_Value,I2C3Freq_Value,LCDFreq_Value,LPTIM1Freq_Value,LPTIM2Freq_Value,LPUART1Freq_Value,LSCOPinFreq_Value,LSE_Drive_Capability,LSI_VALUE,MCO1PinFreq_Value,PLLM,PLLPoutputFreq_Value,PLLQoutputFreq_Value,PLLRCLKFreq_Value,PLLSAI1N,PLLSAI1P,PLLSAI1PoutputFreq_Value,PLLSAI1QoutputFreq_Value,PLLSAI1RoutputFreq_Value,PLLSourceVirtual,PWRFreq_Value,RFWKPClockSelection,RFWKPFreq_Value,RNGFreq_Value,RTCClockSelection,RTCFreq_Value,SAI1Freq_Value,SMPS1Freq_Value,SMPSCLockSelection,SMPSFreq_Value,SYSCLKFreq_VALUE,SYSCLKSource,USART1Freq_Value,USBFreq_Value,VCOInputFreq_Value,VCOOutputFreq_Value,VCOSAI1OutputFreq_Value
RCC.LCDFreq_Value=32774
RCC.LPTIM1Freq_Value=32000000
RCC.LPTIM2Freq_Value=32000000
RCC.LPUART1Freq_Value=32000000
RCC.LSCOPinFreq_Value=32000
RCC.LSE_Drive_Capability=RCC_LSEDRIVE_LOW
RCC.LSI_VALUE=32000
RCC.MCO1PinFreq_Value=32000000
RCC.PLLM=RCC_PLLM_DIV5
RCC.PLLPoutputFreq_Value=25600000
RCC.PLLQoutputFreq_Value=25600000
RCC.PLLRCLKFreq_Value=25600000
RCC.PLLSAI1N=48
RCC.PLLSAI1P=RCC_PLLP_DIV25
RCC.PLLSAI1PoutputFreq_Value=12288000
RCC.PLLSAI1QoutputFreq_Value=153600000
RCC.PLLSAI1RoutputFreq_Value=153600000
RCC.PLLSourceVirtual=RCC_PLLSOURCE_HSE
RCC.PWRFreq_Value=32000000
RCC.RFWKPClockSelection=RCC_RFWKPCLKSOURCE_LSE
RCC.RFWKPFreq_Value=32774
RCC.RNGFreq_Value=32000
RCC.RTCClockSelection=RCC_RTCCLKSOURCE_LSE
RCC.RTCFreq_Value=32774
RCC.SAI1Freq_Value=12288000
RCC.SMPS1Freq_Value=16000000
RCC.SMPSCLockSelection=RCC_SMPSCLKSOURCE_HSE
RCC.SMPSFreq_Value=8000000
RCC.SYSCLKFreq_VALUE=32000000
RCC.SYSCLKSource=RCC_SYSCLKSOURCE_HSE
RCC.USART1Freq_Value=32000000
RCC.USBFreq_Value=48000000
RCC.VCOInputFreq_Value=6400000
RCC.VCOOutputFreq_Value=51200000
RCC.VCOSAI1OutputFreq_Value=307200000
SAI1.AudioFrequency-SAI_A_MasterWithClock=SAI_AUDIO_FREQUENCY_MCKDIV
SAI1.ErrorAudioFreq-SAI_A_MasterWithClock=-75.0 %
SAI1.IPParameters=Instance-SAI_A_MasterWithClock,VirtualMode-SAI_A_MasterWithClock,MClockEnable-SAI_A_MasterWithClock,RealAudioFreq-SAI_A_MasterWithClock,ErrorAudioFreq-SAI_A_MasterWithClock,InitProtocol-SAI_A_MasterWithClock,VirtualProtocol-SAI_A_BASIC,MonoStereoMode-SAI_A_MasterWithClock,AudioFrequency-SAI_A_MasterWithClock,MckOverSampling-SAI_A_MasterWithClock
SAI1.InitProtocol-SAI_A_MasterWithClock=Enable
SAI1.Instance-SAI_A_MasterWithClock=SAI$Index_Block_A
SAI1.MClockEnable-SAI_A_MasterWithClock=SAI_MASTERCLOCK_ENABLE
SAI1.MckOverSampling-SAI_A_MasterWithClock=SAI_MCK_OVERSAMPLING_ENABLE
SAI1.MonoStereoMode-SAI_A_MasterWithClock=SAI_MONOMODE
SAI1.RealAudioFreq-SAI_A_MasterWithClock=48.0 KHz
SAI1.VirtualMode-SAI_A_MasterWithClock=VM_MASTER
SAI1.VirtualProtocol-SAI_A_BASIC=VM_BASIC_PROTOCOL
SH.ADCx_IN12.0=ADC1_IN12,IN12-Single-Ended
SH.ADCx_IN12.ConfNb=1
SH.ADCx_IN3.0=ADC1_IN3,IN3-Single-Ended
SH.ADCx_IN3.ConfNb=1
SH.GPXTI12.0=GPIO_EXTI12
SH.GPXTI12.ConfNb=1
SH.GPXTI13.0=GPIO_EXTI13
SH.GPXTI13.ConfNb=1
SH.GPXTI2.0=GPIO_EXTI2
SH.GPXTI2.ConfNb=1
SH.GPXTI3.0=GPIO_EXTI3
SH.GPXTI3.ConfNb=1
SH.GPXTI4.0=GPIO_EXTI4
SH.GPXTI4.ConfNb=1
SH.GPXTI6.0=GPIO_EXTI6
SH.GPXTI6.ConfNb=1
SH.GPXTI7.0=GPIO_EXTI7
SH.GPXTI7.ConfNb=1
SH.GPXTI9.0=GPIO_EXTI9
SH.GPXTI9.ConfNb=1
SH.S_TIM1_CH1.0=TIM1_CH1,PWM Generation1 CH1
SH.S_TIM1_CH1.ConfNb=1
SH.S_TIM1_CH2.0=TIM1_CH2,PWM Generation2 CH2
SH.S_TIM1_CH2.ConfNb=1
SPI1.BaudRatePrescaler=SPI_BAUDRATEPRESCALER_4
SPI1.CLKPhase=SPI_PHASE_2EDGE
SPI1.CLKPolarity=SPI_POLARITY_HIGH
SPI1.CalculateBaudRate=8.0 MBits/s
SPI1.DataSize=SPI_DATASIZE_8BIT
SPI1.Direction=SPI_DIRECTION_2LINES
SPI1.IPParameters=VirtualType,Mode,Direction,CalculateBaudRate,DataSize,BaudRatePrescaler,CLKPolarity,CLKPhase
SPI1.Mode=SPI_MODE_MASTER
SPI1.VirtualType=VM_MASTER
SPI2.CalculateBaudRate=16.0 MBits/s
SPI2.DataSize=SPI_DATASIZE_8BIT
SPI2.Direction=SPI_DIRECTION_2LINES
SPI2.IPParameters=VirtualType,Mode,Direction,CalculateBaudRate,DataSize,NSSPMode
SPI2.Mode=SPI_MODE_MASTER
SPI2.NSSPMode=SPI_NSS_PULSE_DISABLE
SPI2.VirtualType=VM_MASTER
STM32_WPAN.AD_TYPE_COMPLETE_LOCAL_NAME=FlySight
STM32_WPAN.AD_TYPE_MANUFACTURER_DATA_COMMENT_1=Structure version
STM32_WPAN.AD_TYPE_MANUFACTURER_SPECIFIC_DATA_COMPANY_IDENTIFIER=DB,09
STM32_WPAN.CFG_BLE_MAX_ATT_MTU=250
STM32_WPAN.CFG_BLE_NUM_LINK=1
STM32_WPAN.CFG_BLE_OPTIONS_DEVICE_NAME=SHCI_C2_BLE_INIT_OPTIONS_DEVICE_NAME_RO
STM32_WPAN.CFG_BONDING_MODE=1
STM32_WPAN.CFG_DEBUGGER_SUPPORTED=0
STM32_WPAN.CFG_DEBUG_TRACE_UART=hw_lpuart1
STM32_WPAN.CFG_GAP_DEVICE_NAME=123456789012345678901234567890
STM32_WPAN.CFG_GAP_DEVICE_NAME_LENGTH=30
STM32_WPAN.CFG_HW_LPUART1_ENABLED=1
STM32_WPAN.CFG_HW_TS_MAX_NBR_CONCURRENT_TIMER=15
STM32_WPAN.CFG_IDENTITY_ADDRESS=GAP_STATIC_RANDOM_ADDR
STM32_WPAN.CFG_IO_CAPABILITY=\ CFG_IO_CAPABILITY_NO_INPUT_NO_OUTPUT
STM32_WPAN.CFG_LPM_SUPPORTED=1
STM32_WPAN.CFG_MITM_PROTECTION=CFG_MITM_PROTECTION_NOT_REQUIRED
STM32_WPAN.CFG_PRIVACY=PRIVACY_ENABLED
STM32_WPAN.CFG_STATIC_RANDOM_ADDRESS=0
STM32_WPAN.CFG_USE_SMPS=1
STM32_WPAN.CUSTOM_P2P_SERVER=Disabled
STM32_WPAN.CUSTOM_TEMPLATE=Enabled
STM32_WPAN.GAP_PERIPHERAL_ROLE=1
STM32_WPAN.INCLUDE_AD_TYPE_COMPLETE_LOCAL_NAME=1
STM32_WPAN.INCLUDE_AD_TYPE_MANUFACTURER_SPECIFIC_DATA=1
STM32_WPAN.IPParameters=CUSTOM_P2P_SERVER,CUSTOM_TEMPLATE,CFG_HW_TS_MAX_NBR_CONCURRENT_TIMER,CFG_HW_LPUART1_ENABLED,CFG_USE_SMPS,CFG_LPM_SUPPORTED,CFG_DEBUG_TRACE_UART,CFG_IO_CAPABILITY,CFG_MITM_PROTECTION,CFG_BLE_NUM_LINK,CFG_BLE_MAX_ATT_MTU,CFG_IDENTITY_ADDRESS,CFG_STATIC_RANDOM_ADDRESS,CFG_PRIVACY,GAP_PERIPHERAL_ROLE,CFG_GAP_DEVICE_NAME,CFG_GAP_DEVICE_NAME_LENGTH,INCLUDE_AD_TYPE_COMPLETE_LOCAL_NAME,AD_TYPE_COMPLETE_LOCAL_NAME,INCLUDE_AD_TYPE_MANUFACTURER_SPECIFIC_DATA,AD_TYPE_MANUFACTURER_SPECIFIC_DATA_COMPANY_IDENTIFIER,AD_TYPE_MANUFACTURER_DATA_COMMENT_1,PAIRING_PARAMETERS,CFG_BONDING_MODE,NUMBER_OF_SERVICES,SERVICE1_LONG_NAME,SERVICE1_SHORT_NAME,SERVICE2_LONG_NAME,SERVICE2_SHORT_NAME,SERVICE1_NUMBER_OF_CHARACTERISTICS,SERVICE1_CHAR1_LONG_NAME,SERVICE1_CHAR1_SHORT_NAME,SERVICE1_CHAR2_LONG_NAME,SERVICE1_CHAR2_SHORT_NAME,SERVICE1_CHAR1_VALUE_LENGTH,SERVICE1_CHAR1_UUID,SERVICE1_CHAR1_LENGTH_CHARACTERISTIC,SERVICE1_CHAR1_PROP_NOTIFY,SERVICE1_CHAR1_ATTR_PERMISSION_ENCRY_READ,SERVICE1_CHAR1_GATT_NOTIFY_ATTRIBUTE_WRITE,SERVICE1_CHAR1_GATT_NOTIFY_WRITE_REQ_AND_WAIT_FOR_APPL_RESP,SERVICE1_CHAR1_GATT_NOTIFY_READ_REQ_AND_WAIT_FOR_APPL_RESP,SERVICE1_CHAR2_UUID,SERVICE1_CHAR2_VALUE_LENGTH,SERVICE1_CHAR2_LENGTH_CHARACTERISTIC,SERVICE1_CHAR2_PROP_READ,SERVICE1_CHAR2_PROP_WRITE_WITHOUT_RESP,SERVICE1_CHAR2_ATTR_PERMISSION_ENCRY_READ,SERVICE1_CHAR2_ATTR_PERMISSION_ENCRY_WRITE,SERVICE1_CHAR2_GATT_NOTIFY_WRITE_REQ_AND_WAIT_FOR_APPL_RESP,SERVICE1_CHAR2_GATT_NOTIFY_READ_REQ_AND_WAIT_FOR_APPL_RESP,SERVICE2_CHAR1_LONG_NAME,SERVICE2_CHAR1_SHORT_NAME,SERVICE2_CHAR1_VALUE_LENGTH,SERVICE2_CHAR1_PROP_READ,SERVICE2_CHAR1_PROP_NOTIFY,SERVICE2_CHAR1_ATTR_PERMISSION_ENCRY_READ,SERVICE2_CHAR1_GATT_NOTIFY_ATTRIBUTE_WRITE,SERVICE2_CHAR1_GATT_NOTIFY_WRITE_REQ_AND_WAIT_FOR_APPL_RESP,SERVICE2_CHAR1_GATT_NOTIFY_READ_REQ_AND_WAIT_FOR_APPL_RESP,CFG_BLE_OPTIONS_DEVICE_NAME,CFG_DEBUGGER_SUPPORTED,SERVICE3_LONG_NAME,SERVICE3_SHORT_NAME,SERVICE3_CHAR1_LONG_NAME,SERVICE3_CHAR1_SHORT_NAME,SERVICE3_CHAR1_PROP_WRITE,SERVICE3_CHAR1_PROP_INDICATE,SERVICE3_CHAR1_ATTR_PERMISSION_ENCRY_READ,SERVICE3_CHAR1_ATTR_PERMISSION_ENCRY_WRITE,SERVICE3_CHAR1_GATT_NOTIFY_WRITE_REQ_AND_WAIT_FOR_APPL_RESP,SERVICE3_CHAR1_GATT_NOTIFY_READ_REQ_AND_WAIT_FOR_APPL_RESP
STM32_WPAN.NUMBER_OF_SERVICES=3
STM32_WPAN.PAIRING_PARAMETERS=ON
STM32_WPAN.SERVICE1_CHAR1_ATTR_PERMISSION_ENCRY_READ=ATTR_PERMISSION_ENCRY_READ
STM32_WPAN.SERVICE1_CHAR1_GATT_NOTIFY_ATTRIBUTE_WRITE=\ 
STM32_WPAN.SERVICE1_CHAR1_GATT_NOTIFY_READ_REQ_AND_WAIT_FOR_APPL_RESP=\ 
STM32_WPAN.SERVICE1_CHAR1_GATT_NOTIFY_WRITE_REQ_AND_WAIT_FOR_APPL_RESP=\ 
STM32_WPAN.SERVICE1_CHAR1_LENGTH_CHARACTERISTIC=CHAR_VALUE_LEN_VARIABLE
STM32_WPAN.SERVICE1_CHAR1_LONG_NAME=CRS_TX
STM32_WPAN.SERVICE1_CHAR1_PROP_NOTIFY=CHAR_PROP_NOTIFY
STM32_WPAN.SERVICE1_CHAR1_SHORT_NAME=CRS_TX
STM32_WPAN.SERVICE1_CHAR1_UUID=00 01
STM32_WPAN.SERVICE1_CHAR1_VALUE_LENGTH=244
STM32_WPAN.SERVICE1_CHAR2_ATTR_PERMISSION_ENCRY_READ=ATTR_PERMISSION_ENCRY_READ
STM32_WPAN.SERVICE1_CHAR2_ATTR_PERMISSION_ENCRY_WRITE=ATTR_PERMISSION_ENCRY_WRITE
STM32_WPAN.SERVICE1_CHAR2_GATT_NOTIFY_READ_REQ_AND_WAIT_FOR_APPL_RESP=\ 
STM32_WPAN.SERVICE1_CHAR2_GATT_NOTIFY_WRITE_REQ_AND_WAIT_FOR_APPL_RESP=\ 
STM32_WPAN.SERVICE1_CHAR2_LENGTH_CHARACTERISTIC=CHAR_VALUE_LEN_VARIABLE
STM32_WPAN.SERVICE1_CHAR2_LONG_NAME=CRS_RX
STM32_WPAN.SERVICE1_CHAR2_PROP_READ=CHAR_PROP_READ
STM32_WPAN.SERVICE1_CHAR2_PROP_WRITE_WITHOUT_RESP=CHAR_PROP_WRITE_WITHOUT_RESP
STM32_WPAN.SERVICE1_CHAR2_SHORT_NAME=CRS_RX
STM32_WPAN.SERVICE1_CHAR2_UUID=00 02
STM32_WPAN.SERVICE1_CHAR2_VALUE_LENGTH=244
STM32_WPAN.SERVICE1_LONG_NAME=CRS
STM32_WPAN.SERVICE1_NUMBER_OF_CHARACTERISTICS=2
STM32_WPAN.SERVICE1_SHORT_NAME=CRS
STM32_WPAN.SERVICE2_CHAR1_ATTR_PERMISSION_ENCRY_READ=ATTR_PERMISSION_ENCRY_READ
STM32_WPAN.SERVICE2_CHAR1_GATT_NOTIFY_ATTRIBUTE_WRITE=\ 
STM32_WPAN.SERVICE2_CHAR1_GATT_NOTIFY_READ_REQ_AND_WAIT_FOR_APPL_RESP=\ 
STM32_WPAN.SERVICE2_CHAR1_GATT_NOTIFY_WRITE_REQ_AND_WAIT_FOR_APPL_RESP=\ 
STM32_WPAN.SERVICE2_CHAR1_LONG_NAME=GNSS_PV
STM32_WPAN.SERVICE2_CHAR1_PROP_NOTIFY=CHAR_PROP_NOTIFY
STM32_WPAN.SERVICE2_CHAR1_PROP_READ=CHAR_PROP_READ
STM32_WPAN.SERVICE2_CHAR1_SHORT_NAME=GNSS_PV
STM32_WPAN.SERVICE2_CHAR1_VALUE_LENGTH=28
STM32_WPAN.SERVICE2_LONG_NAME=GNSS
STM32_WPAN.SERVICE2_SHORT_NAME=GNSS
STM32_WPAN.SERVICE3_CHAR1_ATTR_PERMISSION_ENCRY_READ=ATTR_PERMISSION_ENCRY_READ
STM32_WPAN.SERVICE3_CHAR1_ATTR_PERMISSION_ENCRY_WRITE=ATTR_PERMISSION_ENCRY_WRITE
STM32_WPAN.SERVICE3_CHAR1_GATT_NOTIFY_READ_REQ_AND_WAIT_FOR_APPL_RESP=\ 
STM32_WPAN.SERVICE3_CHAR1_GATT_NOTIFY_WRITE_REQ_AND_WAIT_FOR_APPL_RESP=\ 
STM32_WPAN.SERVICE3_CHAR1_LONG_NAME=Start_Control
STM32_WPAN.SERVICE3_CHAR1_PROP_INDICATE=CHAR_PROP_INDICATE
STM32_WPAN.SERVICE3_CHAR1_PROP_WRITE=CHAR_PROP_WRITE
STM32_WPAN.SERVICE3_CHAR1_SHORT_NAME=Start_Control
STM32_WPAN.SERVICE3_LONG_NAME=Start
STM32_WPAN.SERVICE3_SHORT_NAME=Start
TIM1.Channel-PWM\ Generation1\ CH1=TIM_CHANNEL_1
TIM1.Channel-PWM\ Generation2\ CH2=TIM_CHANNEL_2
TIM1.IPParameters=Channel-PWM Generation1 CH1,Channel-PWM Generation2 CH2,Prescaler,Period
TIM1.Period=99
TIM1.Prescaler=31
USART1.BaudRate=9600
USART1.IPParameters=VirtualMode-Asynchronous,BaudRate
USART1.VirtualMode-Asynchronous=VM_ASYNC
USB_DEVICE.CLASS_NAME_FS=MSC
USB_DEVICE.IPParameters=VirtualMode,VirtualModeFS,CLASS_NAME_FS,VID,MANUFACTURER_STRING,PID_MSC_FS,PRODUCT_STRING_MSC_FS
USB_DEVICE.MANUFACTURER_STRING=Bionic Avionics
USB_DEVICE.PID_MSC_FS=1385
USB_DEVICE.PRODUCT_STRING_MSC_FS=FlySight GPS
USB_DEVICE.VID=5840
USB_DEVICE.VirtualMode=Msc
USB_DEVICE.VirtualModeFS=Msc_FS
VP_FATFS_VS_Generic.Mode=User_defined
VP_FATFS_VS_Generic.Signal=FATFS_VS_Generic
VP_HSEM_VS_HSEM.Mode=HSEM_Activate
VP_HSEM_VS_HSEM.Signal=HSEM_VS_HSEM
VP_IPCC_VS_IPCC.Mode=IPCC_Activate
VP_IPCC_VS_IPCC.Signal=IPCC_VS_IPCC
VP_IWDG_VS_IWDG.Mode=IWDG_Activate
VP_IWDG_VS_IWDG.Signal=IWDG_VS_IWDG
VP_MEMORYMAP_VS_MEMORYMAP.Mode=CurAppReg
VP_MEMORYMAP_VS_MEMORYMAP.Signal=MEMORYMAP_VS_MEMORYMAP
VP_RCC_V_OSC32_IN.Mode=LSE-External-Clock-Source
VP_RCC_V_OSC32_IN.Signal=RCC_V_OSC32_IN
VP_RCC_V_OSC_IN.Mode=HSE-External-Clock-Source
VP_RCC_V_OSC_IN.Signal=RCC_V_OSC_IN
VP_RF_VS_RF.Mode=RF_Activate
VP_RF_VS_RF.Signal=RF_VS_RF
VP_RNG_VS_RNG.Mode=RNG_Activate
VP_RNG_VS_RNG.Signal=RNG_VS_RNG
VP_RTC_VS_RTC_Activate.Mode=RTC_Enabled
VP_RTC_VS_RTC_Activate.Signal=RTC_VS_RTC_Activate
VP_SAI1_VP_$IpInstance_SAIA_SAI_BASIC.Mode=SAI_A_BASIC
VP_SAI1_VP_$IpInstance_SAIA_SAI_BASIC.Signal=SAI1_VP_$IpInstance_SAIA_SAI_BASIC
VP_SEQUENCER_VS_SEQUENCER.Mode=SEQUENCER_Enabled
VP_SEQUENCER_VS_SEQUENCER.Signal=SEQUENCER_VS_SEQUENCER
VP_STM32_WPAN_VS_BLE_HOST.Mode=STM32_WPAN_Enabled
VP_STM32_WPAN_VS_BLE_HOST.Signal=STM32_WPAN_VS_BLE_HOST
VP_SYS_VS_Systick.Mode=SysTick
VP_SYS_VS_Systick.Signal=SYS_VS_Systick
VP_TINY_LPM_VS_TINY_LPM.Mode=TINY_LPM_Enabled
VP_TINY_LPM_VS_TINY_LPM.Signal=TINY_LPM_VS_TINY_LPM
VP_USB_DEVICE_VS_USB_DEVICE_MSC_FS.Mode=MSC_FS
VP_USB_DEVICE_VS_USB_DEVICE_MSC_FS.Signal=USB_DEVICE_VS_USB_DEVICE_MSC_FS
board=custom
isbadioc=false
